
Microsoft Visual Studio Solution File, Format Version 12.00
# Visual Studio Version 16
VisualStudioVersion = 16.0.30611.23
MinimumVisualStudioVersion = 15.0.26124.0
Project("{9A19103F-16F7-4668-BE54-9A1E7A4F7556}") = "SingleSpaSample.Objects", "Objects\SingleSpaSample.Objects.csproj", "{D1E5E025-D5DD-4CBC-9568-F73DFEF3B850}"
EndProject
Project("{9A19103F-16F7-4668-BE54-9A1E7A4F7556}") = "SingleSpaSample.Tests", "Tests\SingleSpaSample.Tests.csproj", "{F17C41F6-4B5A-4608-9EA2-1DBD22025D16}"
EndProject
Project("{9A19103F-16F7-4668-BE54-9A1E7A4F7556}") = "SingleSpaSample.ODataBackend", "ODataBackend\SingleSpaSample.ODataBackend.csproj", "{B1CE761D-10EE-4A5E-9A2F-41DD9BDEF71F}"
EndProject
Project("{9A19103F-16F7-4668-BE54-9A1E7A4F7556}") = "SingleSpaSample.IntegrationTests", "IntegrationTests\SingleSpaSample.IntegrationTests.csproj", "{D0006121-8F67-427C-BC0E-6470E58589C3}"
EndProject
Global
	GlobalSection(SolutionConfigurationPlatforms) = preSolution
		Debug|Any CPU = Debug|Any CPU
		Release|Any CPU = Release|Any CPU
	EndGlobalSection
	GlobalSection(ProjectConfigurationPlatforms) = postSolution
		{D1E5E025-D5DD-4CBC-9568-F73DFEF3B850}.Debug|Any CPU.ActiveCfg = Debug|Any CPU
		{D1E5E025-D5DD-4CBC-9568-F73DFEF3B850}.Debug|Any CPU.Build.0 = Debug|Any CPU
		{D1E5E025-D5DD-4CBC-9568-F73DFEF3B850}.Release|Any CPU.ActiveCfg = Release|Any CPU
		{D1E5E025-D5DD-4CBC-9568-F73DFEF3B850}.Release|Any CPU.Build.0 = Release|Any CPU
		{F17C41F6-4B5A-4608-9EA2-1DBD22025D16}.Debug|Any CPU.ActiveCfg = Debug|Any CPU
		{F17C41F6-4B5A-4608-9EA2-1DBD22025D16}.Debug|Any CPU.Build.0 = Debug|Any CPU
		{F17C41F6-4B5A-4608-9EA2-1DBD22025D16}.Release|Any CPU.ActiveCfg = Release|Any CPU
		{F17C41F6-4B5A-4608-9EA2-1DBD22025D16}.Release|Any CPU.Build.0 = Release|Any CPU
		{B1CE761D-10EE-4A5E-9A2F-41DD9BDEF71F}.Debug|Any CPU.ActiveCfg = Debug|Any CPU
		{B1CE761D-10EE-4A5E-9A2F-41DD9BDEF71F}.Debug|Any CPU.Build.0 = Debug|Any CPU
		{B1CE761D-10EE-4A5E-9A2F-41DD9BDEF71F}.Release|Any CPU.ActiveCfg = Release|Any CPU
		{B1CE761D-10EE-4A5E-9A2F-41DD9BDEF71F}.Release|Any CPU.Build.0 = Release|Any CPU
		{D0006121-8F67-427C-BC0E-6470E58589C3}.Debug|Any CPU.ActiveCfg = Debug|Any CPU
		{D0006121-8F67-427C-BC0E-6470E58589C3}.Debug|Any CPU.Build.0 = Debug|Any CPU
		{D0006121-8F67-427C-BC0E-6470E58589C3}.Release|Any CPU.ActiveCfg = Release|Any CPU
		{D0006121-8F67-427C-BC0E-6470E58589C3}.Release|Any CPU.Build.0 = Release|Any CPU
	EndGlobalSection
	GlobalSection(SolutionProperties) = preSolution
		HideSolutionNode = FALSE
	EndGlobalSection
	GlobalSection(ExtensibilityGlobals) = postSolution
		SolutionGuid = {99CC24BB-584F-4075-9AE3-719D06968939}
	EndGlobalSection
EndGlobal
